Microsoft Visual Studio Solution File, Format Version 11.00
# Visual Studio 2010
Project("{FAE04EC0-301F-11D3-BF4B-00C04F79EFBC}") = "TrashPandas", "Assembly-CSharp-Editor.csproj", "{353BA3B1-DC1D-417E-54F3-C9BD00FD1527}"
EndProject
Global
	GlobalSection(SolutionConfigurationPlatforms) = preSolution
		Debug|Any CPU = Debug|Any CPU
		Release|Any CPU = Release|Any CPU
	EndGlobalSection
	GlobalSection(ProjectConfigurationPlatforms) = postSolution
		{353BA3B1-DC1D-417E-54F3-C9BD00FD1527}.Debug|Any CPU.ActiveCfg = Debug|Any CPU
		{353BA3B1-DC1D-417E-54F3-C9BD00FD1527}.Debug|Any CPU.Build.0 = Debug|Any CPU
		{353BA3B1-DC1D-417E-54F3-C9BD00FD1527}.Release|Any CPU.ActiveCfg = Release|Any CPU
		{353BA3B1-DC1D-417E-54F3-C9BD00FD1527}.Release|Any CPU.Build.0 = Release|Any CPU
	EndGlobalSection
	GlobalSection(MonoDevelopProperties) = preSolution
		StartupItem = Assembly-CSharp.csproj
	EndGlobalSection
EndGlobal
